
Microsoft Visual Studio Solution File, Format Version 12.00
# Visual Studio Version 17
VisualStudioVersion = 17.5.002.0
MinimumVisualStudioVersion = 10.0.40219.1
Project("{9A19103F-16F7-4668-BE54-9A1E7A4F7556}") = "HomeWork", "HomeWork.csproj", "{61BFF7AD-6A1A-4A55-8557-75856AF72E9C}"
EndProject
Global
	GlobalSection(SolutionConfigurationPlatforms) = preSolution
		Debug|Any CPU = Debug|Any CPU
		Release|Any CPU = Release|Any CPU
	EndGlobalSection
	GlobalSection(ProjectConfigurationPlatforms) = postSolution
		{61BFF7AD-6A1A-4A55-8557-75856AF72E9C}.Debug|Any CPU.ActiveCfg = Debug|Any CPU
		{61BFF7AD-6A1A-4A55-8557-75856AF72E9C}.Debug|Any CPU.Build.0 = Debug|Any CPU
		{61BFF7AD-6A1A-4A55-8557-75856AF72E9C}.Release|Any CPU.ActiveCfg = Release|Any CPU
		{61BFF7AD-6A1A-4A55-8557-75856AF72E9C}.Release|Any CPU.Build.0 = Release|Any CPU
	EndGlobalSection
	GlobalSection(SolutionProperties) = preSolution
		HideSolutionNode = FALSE
	EndGlobalSection
	GlobalSection(ExtensibilityGlobals) = postSolution
		SolutionGuid = {904CCC58-A7E5-41FC-B49E-5BBE6FBEB661}
	EndGlobalSection
EndGlobal
